
Microsoft Visual Studio Solution File, Format Version 12.00
# Visual Studio Version 17
VisualStudioVersion = 17.0.31903.59
MinimumVisualStudioVersion = 10.0.40219.1
Project("{F2A71F9B-5D33-465A-A702-920D77279786}") = "FSharpWebApp", "src\FSharpWebApp.fsproj", "{ED1C0B55-1B86-4233-A3DB-2CAAA8CDD791}"
EndProject
Global
	GlobalSection(SolutionConfigurationPlatforms) = preSolution
		Debug|Any CPU = Debug|Any CPU
		Release|Any CPU = Release|Any CPU
	EndGlobalSection
	GlobalSection(SolutionProperties) = preSolution
		HideSolutionNode = FALSE
	EndGlobalSection
	GlobalSection(ProjectConfigurationPlatforms) = postSolution
		{ED1C0B55-1B86-4233-A3DB-2CAAA8CDD791}.Debug|Any CPU.ActiveCfg = Debug|Any CPU
		{ED1C0B55-1B86-4233-A3DB-2CAAA8CDD791}.Debug|Any CPU.Build.0 = Debug|Any CPU
		{ED1C0B55-1B86-4233-A3DB-2CAAA8CDD791}.Release|Any CPU.ActiveCfg = Release|Any CPU
		{ED1C0B55-1B86-4233-A3DB-2CAAA8CDD791}.Release|Any CPU.Build.0 = Release|Any CPU
	EndGlobalSection
EndGlobal
